
Microsoft Visual Studio Solution File, Format Version 12.00
# Visual Studio Version 17
VisualStudioVersion = 17.10.35122.118
MinimumVisualStudioVersion = 10.0.40219.1
Project("{FAE04EC0-301F-11D3-BF4B-00C04F79EFBC}") = "VueNetIntegration", "VueNetIntegration\VueNetIntegration.csproj", "{61E08834-26A6-43DF-886B-E2C513100705}"
EndProject
Global
	GlobalSection(SolutionConfigurationPlatforms) = preSolution
		Debug|Any CPU = Debug|Any CPU
		Release|Any CPU = Release|Any CPU
	EndGlobalSection
	GlobalSection(ProjectConfigurationPlatforms) = postSolution
		{61E08834-26A6-43DF-886B-E2C513100705}.Debug|Any CPU.ActiveCfg = Debug|Any CPU
		{61E08834-26A6-43DF-886B-E2C513100705}.Debug|Any CPU.Build.0 = Debug|Any CPU
		{61E08834-26A6-43DF-886B-E2C513100705}.Release|Any CPU.ActiveCfg = Release|Any CPU
		{61E08834-26A6-43DF-886B-E2C513100705}.Release|Any CPU.Build.0 = Release|Any CPU
	EndGlobalSection
	GlobalSection(SolutionProperties) = preSolution
		HideSolutionNode = FALSE
	EndGlobalSection
	GlobalSection(ExtensibilityGlobals) = postSolution
		SolutionGuid = {64D2F6FC-4242-4E9F-BCFD-8D1A61B1D154}
	EndGlobalSection
EndGlobal
